
Microsoft Visual Studio Solution File, Format Version 12.00
# Visual Studio Version 17
VisualStudioVersion = 17.14.36518.9
MinimumVisualStudioVersion = 10.0.40219.1
Project("{FAE04EC0-301F-11D3-BF4B-00C04F79EFBC}") = "ManagerTask.API", "ManagerTask.API.csproj", "{42A595F7-0AD0-476A-8B6E-6E033E367266}"
EndProject
Project("{FAE04EC0-301F-11D3-BF4B-00C04F79EFBC}") = "ManagerTask.Application", "..\ManagerTask.Application\ManagerTask.Application.csproj", "{62BFE6CC-5A0E-4F7E-BD85-27DCB18DBA72}"
EndProject
Project("{FAE04EC0-301F-11D3-BF4B-00C04F79EFBC}") = "ManagerTask.Communication", "..\ManagerTask.Communication\ManagerTask.Communication.csproj", "{7CA453DE-6201-4572-9663-9CE3E27EDFD8}"
EndProject
Global
	GlobalSection(SolutionConfigurationPlatforms) = preSolution
		Debug|Any CPU = Debug|Any CPU
		Release|Any CPU = Release|Any CPU
	EndGlobalSection
	GlobalSection(ProjectConfigurationPlatforms) = postSolution
		{42A595F7-0AD0-476A-8B6E-6E033E367266}.Debug|Any CPU.ActiveCfg = Debug|Any CPU
		{42A595F7-0AD0-476A-8B6E-6E033E367266}.Debug|Any CPU.Build.0 = Debug|Any CPU
		{42A595F7-0AD0-476A-8B6E-6E033E367266}.Release|Any CPU.ActiveCfg = Release|Any CPU
		{42A595F7-0AD0-476A-8B6E-6E033E367266}.Release|Any CPU.Build.0 = Release|Any CPU
		{62BFE6CC-5A0E-4F7E-BD85-27DCB18DBA72}.Debug|Any CPU.ActiveCfg = Debug|Any CPU
		{62BFE6CC-5A0E-4F7E-BD85-27DCB18DBA72}.Debug|Any CPU.Build.0 = Debug|Any CPU
		{62BFE6CC-5A0E-4F7E-BD85-27DCB18DBA72}.Release|Any CPU.ActiveCfg = Release|Any CPU
		{62BFE6CC-5A0E-4F7E-BD85-27DCB18DBA72}.Release|Any CPU.Build.0 = Release|Any CPU
		{7CA453DE-6201-4572-9663-9CE3E27EDFD8}.Debug|Any CPU.ActiveCfg = Debug|Any CPU
		{7CA453DE-6201-4572-9663-9CE3E27EDFD8}.Debug|Any CPU.Build.0 = Debug|Any CPU
		{7CA453DE-6201-4572-9663-9CE3E27EDFD8}.Release|Any CPU.ActiveCfg = Release|Any CPU
		{7CA453DE-6201-4572-9663-9CE3E27EDFD8}.Release|Any CPU.Build.0 = Release|Any CPU
	EndGlobalSection
	GlobalSection(SolutionProperties) = preSolution
		HideSolutionNode = FALSE
	EndGlobalSection
	GlobalSection(ExtensibilityGlobals) = postSolution
		SolutionGuid = {7F61B91D-0728-45F5-8A8E-663534FB1519}
	EndGlobalSection
EndGlobal
